{
    "_meta": {
        "hash": {
            "sha256": "97136328c8cb80e2f49ba3a8febecd280e4fcd8b9a5565468d1708a6ca212344"
        },
        "pipfile-spec": 6,
        "requires": {
            "python_version": "3.9"
        },
        "sources": [
            {
                "name": "pypi",
                "url": "https://pypi.org/simple",
                "verify_ssl": true
            }
        ]
    },
    "default": {
        "certifi": {
            "hashes": [
                "sha256:84c85a9078b11105f04f3036a9482ae10e4621616db313fe045dd24743a0820d",
                "sha256:fe86415d55e84719d75f8b69414f6438ac3547d2078ab91b67e779ef69378412"
            ],
            "markers": "python_version >= '3.6'",
            "version": "==2022.6.15"
        },
        "charset-normalizer": {
            "hashes": [
                "sha256:5a3d016c7c547f69d6f81fb0db9449ce888b418b5b9952cc5e6e66843e9dd845",
                "sha256:83e9a75d1911279afd89352c68b45348559d1fc0506b054b346651b5e7fee29f"
            ],
            "markers": "python_version >= '3.6'",
            "version": "==2.1.1"
        },
        "click": {
            "hashes": [
                "sha256:7682dc8afb30297001674575ea00d1814d808d6a36af415a82bd481d37ba7b8e",
                "sha256:bb4d8133cb15a609f44e8213d9b391b0809795062913b383c62be0ee95b1db48"
            ],
            "markers": "python_version >= '3.7'",
            "version": "==8.1.3"
        },
        "flask": {
            "hashes": [
                "sha256:642c450d19c4ad482f96729bd2a8f6d32554aa1e231f4f6b4e7e5264b16cca2b",
                "sha256:b9c46cc36662a7949f34b52d8ec7bb59c0d74ba08ba6cb9ce9adc1d8676d9526"
            ],
            "index": "pypi",
            "version": "==2.2.2"
        },
        "flask-minify": {
            "hashes": [
                "sha256:c2b74452510e0262686c6d64b32739c4025ccefe4df339c470f7d3ec085c7c21",
                "sha256:e5a85985fd09fe4358490bfc1189628679a83756ec0560d36f1d670dd31a472b"
            ],
            "index": "pypi",
            "version": "==0.39"
        },
        "htmlmin": {
            "hashes": [
                "sha256:50c1ef4630374a5d723900096a961cff426dff46b48f34d194a81bbe14eca178"
            ],
            "version": "==0.1.12"
        },
        "idna": {
            "hashes": [
                "sha256:84d9dd047ffa80596e0f246e2eab0b391788b0503584e8945f2368256d2735ff",
                "sha256:9d643ff0a55b762d5cdb124b8eaa99c66322e2157b69160bc32796e824360e6d"
            ],
            "markers": "python_version >= '3.5'",
            "version": "==3.3"
        },
        "importlib-metadata": {
            "hashes": [
                "sha256:637245b8bab2b6502fcbc752cc4b7a6f6243bb02b31c5c26156ad103d3d45670",
                "sha256:7401a975809ea1fdc658c3aa4f78cc2195a0e019c5cbc4c06122884e9ae80c23"
            ],
            "markers": "python_version < '3.10'",
            "version": "==4.12.0"
        },
        "itsdangerous": {
            "hashes": [
                "sha256:2c2349112351b88699d8d4b6b075022c0808887cb7ad10069318a8b0bc88db44",
                "sha256:5dbbc68b317e5e42f327f9021763545dc3fc3bfe22e6deb96aaf1fc38874156a"
            ],
            "markers": "python_version >= '3.7'",
            "version": "==2.1.2"
        },
        "jinja2": {
            "hashes": [
                "sha256:31351a702a408a9e7595a8fc6150fc3f43bb6bf7e319770cbc0db9df9437e852",
                "sha256:6088930bfe239f0e6710546ab9c19c9ef35e29792895fed6e6e31a023a182a61"
            ],
            "markers": "python_version >= '3.7'",
            "version": "==3.1.2"
        },
        "jsmin": {
            "hashes": [
                "sha256:c0959a121ef94542e807a674142606f7e90214a2b3d1eb17300244bbb5cc2bfc"
            ],
            "version": "==3.0.1"
        },
        "lesscpy": {
            "hashes": [
                "sha256:7f7437df153ca9221beb5425c189d1523f95f864d1400f311598527ff03248d7",
                "sha256:ef058fb3fca077f0136222c415bc6d20fe256e92648ccbf4b3de874ba03b9b9d"
            ],
            "version": "==0.15.0"
        },
        "markupsafe": {
            "hashes": [
                "sha256:0212a68688482dc52b2d45013df70d169f542b7394fc744c02a57374a4207003",
                "sha256:089cf3dbf0cd6c100f02945abeb18484bd1ee57a079aefd52cffd17fba910b88",
                "sha256:10c1bfff05d95783da83491be968e8fe789263689c02724e0c691933c52994f5",
                "sha256:33b74d289bd2f5e527beadcaa3f401e0df0a89927c1559c8566c066fa4248ab7",
                "sha256:3799351e2336dc91ea70b034983ee71cf2f9533cdff7c14c90ea126bfd95d65a",
                "sha256:3ce11ee3f23f79dbd06fb3d63e2f6af7b12db1d46932fe7bd8afa259a5996603",
                "sha256:421be9fbf0ffe9ffd7a378aafebbf6f4602d564d34be190fc19a193232fd12b1",
                "sha256:43093fb83d8343aac0b1baa75516da6092f58f41200907ef92448ecab8825135",
                "sha256:46d00d6cfecdde84d40e572d63735ef81423ad31184100411e6e3388d405e247",
                "sha256:4a33dea2b688b3190ee12bd7cfa29d39c9ed176bda40bfa11099a3ce5d3a7ac6",
                "sha256:4b9fe39a2ccc108a4accc2676e77da025ce383c108593d65cc909add5c3bd601",
                "sha256:56442863ed2b06d19c37f94d999035e15ee982988920e12a5b4ba29b62ad1f77",
                "sha256:671cd1187ed5e62818414afe79ed29da836dde67166a9fac6d435873c44fdd02",
                "sha256:694deca8d702d5db21ec83983ce0bb4b26a578e71fbdbd4fdcd387daa90e4d5e",
                "sha256:6a074d34ee7a5ce3effbc526b7083ec9731bb3cbf921bbe1d3005d4d2bdb3a63",
                "sha256:6d0072fea50feec76a4c418096652f2c3238eaa014b2f94aeb1d56a66b41403f",
                "sha256:6fbf47b5d3728c6aea2abb0589b5d30459e369baa772e0f37a0320185e87c980",
                "sha256:7f91197cc9e48f989d12e4e6fbc46495c446636dfc81b9ccf50bb0ec74b91d4b",
                "sha256:86b1f75c4e7c2ac2ccdaec2b9022845dbb81880ca318bb7a0a01fbf7813e3812",
                "sha256:8dc1c72a69aa7e082593c4a203dcf94ddb74bb5c8a731e4e1eb68d031e8498ff",
                "sha256:8e3dcf21f367459434c18e71b2a9532d96547aef8a871872a5bd69a715c15f96",
                "sha256:8e576a51ad59e4bfaac456023a78f6b5e6e7651dcd383bcc3e18d06f9b55d6d1",
                "sha256:96e37a3dc86e80bf81758c152fe66dbf60ed5eca3d26305edf01892257049925",
                "sha256:97a68e6ada378df82bc9f16b800ab77cbf4b2fada0081794318520138c088e4a",
                "sha256:99a2a507ed3ac881b975a2976d59f38c19386d128e7a9a18b7df6fff1fd4c1d6",
                "sha256:a49907dd8420c5685cfa064a1335b6754b74541bbb3706c259c02ed65b644b3e",
                "sha256:b09bf97215625a311f669476f44b8b318b075847b49316d3e28c08e41a7a573f",
                "sha256:b7bd98b796e2b6553da7225aeb61f447f80a1ca64f41d83612e6139ca5213aa4",
                "sha256:b87db4360013327109564f0e591bd2a3b318547bcef31b468a92ee504d07ae4f",
                "sha256:bcb3ed405ed3222f9904899563d6fc492ff75cce56cba05e32eff40e6acbeaa3",
                "sha256:d4306c36ca495956b6d568d276ac11fdd9c30a36f1b6eb928070dc5360b22e1c",
                "sha256:d5ee4f386140395a2c818d149221149c54849dfcfcb9f1debfe07a8b8bd63f9a",
                "sha256:dda30ba7e87fbbb7eab1ec9f58678558fd9a6b8b853530e176eabd064da81417",
                "sha256:e04e26803c9c3851c931eac40c695602c6295b8d432cbe78609649ad9bd2da8a",
                "sha256:e1c0b87e09fa55a220f058d1d49d3fb8df88fbfab58558f1198e08c1e1de842a",
                "sha256:e72591e9ecd94d7feb70c1cbd7be7b3ebea3f548870aa91e2732960fa4d57a37",
                "sha256:e8c843bbcda3a2f1e3c2ab25913c80a3c5376cd00c6e8c4a86a89a28c8dc5452",
                "sha256:efc1913fd2ca4f334418481c7e595c00aad186563bbc1ec76067848c7ca0a933",
                "sha256:f121a1420d4e173a5d96e47e9a0c0dcff965afdf1626d28de1460815f7c4ee7a",
                "sha256:fc7b548b17d238737688817ab67deebb30e8073c95749d55538ed473130ec0c7"
            ],
            "markers": "python_version >= '3.7'",
            "version": "==2.1.1"
        },
        "ply": {
            "hashes": [
                "sha256:00c7c1aaa88358b9c765b6d3000c6eec0ba42abca5351b095321aef446081da3",
                "sha256:096f9b8350b65ebd2fd1346b12452efe5b9607f7482813ffca50c22722a807ce"
            ],
            "version": "==3.11"
        },
        "pytz": {
            "hashes": [
                "sha256:220f481bdafa09c3955dfbdddb7b57780e9a94f5127e35456a48589b9e0c0197",
                "sha256:cea221417204f2d1a2aa03ddae3e867921971d0d76f14d87abb4414415bbdcf5"
            ],
            "index": "pypi",
            "version": "==2022.2.1"
        },
        "rcssmin": {
            "hashes": [
                "sha256:271e3d2f8614a6d4637ed8fff3d90007f03e2a654cd9444f37d888797662ba72",
                "sha256:35da6a6999e9e2c5b0e691b42ed56cc479373e0ecab33ef5277dfecce625e44a",
                "sha256:42576d95dfad53d77df2e68dfdec95b89b10fad320f241f1af3ca1438578254a",
                "sha256:4f9400b4366d29f5f5446f58e78549afa8338e6a59740c73115e9f6ac413dc64",
                "sha256:705c9112d0ed54ea40aecf97e7fd29bdf0f1c46d278a32d8f957f31dde90778a",
                "sha256:79421230dd67c37ec61ed9892813d2b839b68f2f48ef55c75f976e81701d60b4",
                "sha256:868215e1fd0e92a6122e0ed5973dfc7bb8330fe1e92274d05b2585253b38c0ca",
                "sha256:8a26fec3c1e6b7a3765ccbaccc20fbb5c0ed3422cc381e01a2607f08d7621c44",
                "sha256:8fcfd10ae2a1c4ce231a33013f2539e07c3836bf17cc945cc25cc30bf8e68e45",
                "sha256:908fe072efd2432fb0975a61124609a8e05021367f6a3463d45f5e3e74c4fdda",
                "sha256:914e589f40573035006913861ed2adc28fbe70082a8b6bff5be7ee430b7b5c2e",
                "sha256:a04d58a2a21e9a089306d3f99c4b12bf5b656a79c198ef2321e80f8fd9afab06",
                "sha256:a417735d4023d47d048a6288c88dbceadd20abaaf65a11bb4fda1e8458057019",
                "sha256:c30f8bc839747b6da59274e0c6e4361915d66532e26448d589cb2b1846d7bf11",
                "sha256:c7278c1c25bb90d8e554df92cfb3b6a1195004ead50f764653d3093933ee0877",
                "sha256:c7728e3b546b1b6ea08cab721e8e21409dbcc11b881d0b87d10b0be8930af2a2",
                "sha256:cf74d7ea5e191f0f344b354eed8b7c83eeafbd9a97bec3a579c3d26edf11b005",
                "sha256:d0afc6e7b64ef30d6dcde88830ec1a237b9f16a39f920a8fd159928684ccf8db",
                "sha256:d4e263fa9428704fd94c2cb565c7519ca1d225217943f71caffe6741ab5b9df1",
                "sha256:e923c105100ab70abde1c01d3196ddd6b07255e32073685542be4e3a60870c8e",
                "sha256:ee386bec6d62f8c814d65c011d604a7c82d24aa3f718facd66e850eea8d6a5a1",
                "sha256:f15673e97f0a68b4c378c4d15b088fe96d60bc106d278c88829923118833c20f",
                "sha256:f7a1fcdbafaacac0530da04edca4a44303baab430ea42e7d59aece4b3f3e9a51"
            ],
            "version": "==1.1.1"
        },
        "requests": {
            "hashes": [
                "sha256:7c5599b102feddaa661c826c56ab4fee28bfd17f5abca1ebbe3e7f19d7c97983",
                "sha256:8fefa2a1a1365bf5520aac41836fbee479da67864514bdb821f31ce07ce65349"
            ],
            "index": "pypi",
            "version": "==2.28.1"
        },
        "six": {
            "hashes": [
                "sha256:1e61c37477a1626458e36f7b1d82aa5c9b094fa4802892072e49de9c60c4c926",
                "sha256:8abb2f1d86890a2dfb989f9a77cfcfd3e47c2a354b01111771326f8aa26e0254"
            ],
            "markers": "python_version >= '2.7' and python_version not in '3.0, 3.1, 3.2, 3.3'",
            "version": "==1.16.0"
        },
        "urllib3": {
            "hashes": [
                "sha256:3fa96cf423e6987997fc326ae8df396db2a8b7c667747d47ddd8ecba91f4a74e",
                "sha256:b930dd878d5a8afb066a637fbb35144fe7901e3b209d1cd4f524bd0e9deee997"
            ],
            "markers": "python_version >= '2.7' and python_version not in '3.0, 3.1, 3.2, 3.3, 3.4, 3.5' and python_version < '4'",
            "version": "==1.26.12"
        },
        "werkzeug": {
            "hashes": [
                "sha256:7ea2d48322cc7c0f8b3a215ed73eabd7b5d75d0b50e31ab006286ccff9e00b8f",
                "sha256:f979ab81f58d7318e064e99c4506445d60135ac5cd2e177a2de0089bfd4c9bd5"
            ],
            "markers": "python_version >= '3.7'",
            "version": "==2.2.2"
        },
        "xxhash": {
            "hashes": [
                "sha256:035248b3d7ab6deb7b247278494d293b9faccfa853078319d25e2926f566b2f8",
                "sha256:0a2efdcb811be3edc520b78364c11a1e54f5d8e5db895a9ff2bcdd4a7ffa36a5",
                "sha256:0b0d522570c9ccea6203b3d96ac7f0cfc1d29e613640475d513be432545c48cc",
                "sha256:197c32d7b62be02957ca31aa69febadf9c5a34ef953053ea16e2c72465bc450f",
                "sha256:1c6fc59e182506496544bc6d426bcf6077066ed1b40cfcd937f707cc06c7ef50",
                "sha256:21752a3e9a2391d91bd51f4aa2fe028ae14ba6a8d37db9ebe00ccac10be5ac4a",
                "sha256:219cba13991fd73cf21a5efdafa5056f0ae0b8f79e5e0112967e3058daf73eea",
                "sha256:2245c6e20e96e3f8fdfb61ad6bc5cde6ce8a1c2b93aa4a32a27bba7ab3aeaf12",
                "sha256:22704f23f23ccbe892cee3e7568c67f07ac25beaa2d1cff183274005d9d39149",
                "sha256:2984fa9a880587c0bfa46d32717b2d209863ee68727ea0fc17f05fce25efa692",
                "sha256:2ae926a52d020085a2d7f69d0e2155cbf819ae409f2e5dbb345dd40a6462de32",
                "sha256:30b2d97aaf11fb122023f6b44ebb97c6955e9e00d7461a96415ca030b5ceb9c7",
                "sha256:31f25efd10b6f1f6d5c34cd231986d8aae9a42e042daa90b783917f170807869",
                "sha256:322068a063ef156455a401ab720f0892f2d2dd1540c1a308e95a7cbf356df51c",
                "sha256:36cf410da5bfcca51ac3c2c51a3317dcd7af91f70fa61eca57fba39554f06ae3",
                "sha256:3bcd4cd9b22293ea1c08822518fbb6d933c2960d66662d468a1945a45cace194",
                "sha256:3fcbb846af15eff100c412ae54f4974ff277c92eacd41f1ec7803a64fd07fa0c",
                "sha256:4258ef78f5a7d1f9c595846134c7d81a868c74942051453258eb383498662d4d",
                "sha256:485f172abc03f78afd4f38dbdbb5665f59c5487126fa4c3181c6582cda4de03b",
                "sha256:48aab36169b0c00e586cb4eb2814ab8bfed686933126019906f917ff9a78c99e",
                "sha256:4cd38b766fc40e9fe37b80112656d2e5a0cb2f9bc12e01b286353b5ecd2768e8",
                "sha256:4f3adf2891acc18abacd15113e9cbbefd30e5f4ecaae32c23e5486fc09c76ea5",
                "sha256:5628375dbb76d33b93b44854a6c5433e2a78115e03ea2ae1bb74a34ab012a43f",
                "sha256:583bea142569485bdb0c5900e804058c16edba1850b74519688c22bc546e6175",
                "sha256:5b63fbeb6d9c93d50ae0dc2b8a8b7f52f2de19e40fe9edc86637bfa5743b8ba2",
                "sha256:5f475fa817ff7955fc118fc1ca29a6e691d329b7ff43f486af36c22dbdcff1db",
                "sha256:6493dd938b360235da81b1c79d8cd048c4f11977e1159b4e744c54f98d3a7bb4",
                "sha256:676c97bf7cc298b65eec0368c2cb5611d87a8e876930843311ca728f69292752",
                "sha256:687aa4373690f23a3f43cc23d81005304d284ff6c041bff1f967664ab6410f36",
                "sha256:6d60059aaef12a01c0cc24f1d7aaaab7933ae9f4b7adfd9ebbd37dc7ceac1745",
                "sha256:6d612c55a75d84d25898f6c5ad6a589aa556d1cb9af770b6c574ee62995167f6",
                "sha256:6f9309fcaf73f93df3101f03a61dc30644adff3e8d0044fff8c0c195dbbe63e2",
                "sha256:807e88ed56e0fb347cb57d5bf44851f9878360fed700f2f63e622ef4eede87a5",
                "sha256:83198e223bcc4b2418b5282ac930e444738c2a33859dee4e570b25c8433d83a2",
                "sha256:885b3a851980056707ab99a2c19c35dfe2c2ba5f602066dbfcd8af45ea855760",
                "sha256:891d7651431a055f76fe2c8f86c593c3dede8ec5b10ca55e8ff5c9fdceb55f0b",
                "sha256:8fd203d8a3c013e679722047ef4f061f690c6cff49380622444bca4c30f3bf23",
                "sha256:91fa4df41bda3cbec4084d9696028780b47128c1f8450d1ad9c3e4b6bf8b1f99",
                "sha256:9200a90f02ff6fd5fb63dea107842da71d8626d99b768fd31be44f3002c60bbe",
                "sha256:9fa2100fb68b163e99370561c9e29ed37b9153fe99443600bea28829150eb0e4",
                "sha256:a1403e4f551c9ef7bcef09af55f1adb169f13e4de253db0887928e5129f87af1",
                "sha256:a2273fe40720e86346a17f06ef95cd60ee0d66ffce7cf55e390ef7350112b16d",
                "sha256:b30ae90c0cfd10ffe852c6b0f263253782eea74a8189d5f2440f6595c1e8047e",
                "sha256:b82b1cf4407ad908e04e864473cc3baa8e764c7bbebea959150764cc681a1611",
                "sha256:c604b3dcac9d37e3fceaa11884927024953260cc4224d9b89400d16e6cf34021",
                "sha256:cbf546ca5f5903ceeb46d9e6abf81f3a64edb95bb7dbe0f75283eec93a7eb2a0",
                "sha256:d6054434ddb060685e86e7457f52d188b0886834baaa532f9f78b4f2b53cfd9b",
                "sha256:da4d91e28418469b29eed8635c08af28b588e51cd04288bed1ba1cf60f2d91f6",
                "sha256:ed65a2671d380ae05262ce1e4ccc2b63f3c30506d207bf6fae8cd72be0ad65d4",
                "sha256:f4125e70e4e1d79992d81de837a0586aa0241665dbc5ce01b9c89330ed5cbb66",
                "sha256:f5dd4c37da3408d56ae942dc103f4ae3b43510daa4f5accd0a411fc6e914f10a",
                "sha256:fa7f6ca53170189a2268c83af0980e6c10aae69e6a5efa7ca989f89fff9f8c02",
                "sha256:fb9eca32f9b4acc7149db2c86f8108167b9929b7da1887d4287a90cfdb3ea53a",
                "sha256:fc6f3a334587c83c5ba56c19b254a97542ce1fc05ccfd66fbf568e6117718d65"
            ],
            "markers": "python_version >= '3.6'",
            "version": "==3.0.0"
        },
        "zipp": {
            "hashes": [
                "sha256:05b45f1ee8f807d0cc928485ca40a07cb491cf092ff587c0df9cb1fd154848d2",
                "sha256:47c40d7fe183a6f21403a199b3e4192cca5774656965b0a4988ad2f8feb5f009"
            ],
            "markers": "python_version >= '3.7'",
            "version": "==3.8.1"
        }
    },
    "develop": {}
}
